
Microsoft Visual Studio Solution File, Format Version 12.00
# Visual Studio Version 16
VisualStudioVersion = 16.0.29911.84
MinimumVisualStudioVersion = 10.0.40219.1
Project("{FAE04EC0-301F-11D3-BF4B-00C04F79EFBC}") = "WindowsFormsApp1", "WindowsFormsApp1\WindowsFormsApp1.csproj", "{B92F018E-1756-4CD9-A6F9-07DD6960C130}"
EndProject
Global
	GlobalSection(SolutionConfigurationPlatforms) = preSolution
		Debug|Any CPU = Debug|Any CPU
		Release|Any CPU = Release|Any CPU
	EndGlobalSection
	GlobalSection(ProjectConfigurationPlatforms) = postSolution
		{B92F018E-1756-4CD9-A6F9-07DD6960C130}.Debug|Any CPU.ActiveCfg = Debug|Any CPU
		{B92F018E-1756-4CD9-A6F9-07DD6960C130}.Debug|Any CPU.Build.0 = Debug|Any CPU
		{B92F018E-1756-4CD9-A6F9-07DD6960C130}.Release|Any CPU.ActiveCfg = Release|Any CPU
		{B92F018E-1756-4CD9-A6F9-07DD6960C130}.Release|Any CPU.Build.0 = Release|Any CPU
	EndGlobalSection
	GlobalSection(SolutionProperties) = preSolution
		HideSolutionNode = FALSE
	EndGlobalSection
	GlobalSection(ExtensibilityGlobals) = postSolution
		SolutionGuid = {562AB7FC-3FE2-42F4-8E86-ACC5CBE23A3A}
	EndGlobalSection
EndGlobal
